// !$*UTF8*$!
{
	archiveVersion = 1;
	classes = {
	};
	objectVersion = 50;
	objects = {

/* Begin PBXBuildFile section */
		6344D994258375D9008E4541 /* AppDelegate.swift in Sources */ = {isa = PBXBuildFile; fileRef = 6344D993258375D9008E4541 /* AppDelegate.swift */; };
		6344D996258375D9008E4541 /* SceneDelegate.swift in Sources */ = {isa = PBXBuildFile; fileRef = 6344D995258375D9008E4541 /* SceneDelegate.swift */; };
		6344D998258375D9008E4541 /* ViewController.swift in Sources */ = {isa = PBXBuildFile; fileRef = 6344D997258375D9008E4541 /* ViewController.swift */; };
		6344D99B258375D9008E4541 /* Main.storyboard in Resources */ = {isa = PBXBuildFile; fileRef = 6344D999258375D9008E4541 /* Main.storyboard */; };
		6344D99D258375DA008E4541 /* Assets.xcassets in Resources */ = {isa = PBXBuildFile; fileRef = 6344D99C258375DA008E4541 /* Assets.xcassets */; };
		6344D9A0258375DA008E4541 /* LaunchScreen.storyboard in Resources */ = {isa = PBXBuildFile; fileRef = 6344D99E258375DA008E4541 /* LaunchScreen.storyboard */; };
		6344D9AB258375DA008E4541 /* PassDataWithSegueTests.swift in Sources */ = {isa = PBXBuildFile; fileRef = 6344D9AA258375DA008E4541 /* PassDataWithSegueTests.swift */; };
		6344D9B6258375DA008E4541 /* PassDataWithSegueUITests.swift in Sources */ = {isa = PBXBuildFile; fileRef = 6344D9B5258375DA008E4541 /* PassDataWithSegueUITests.swift */; };
/* End PBXBuildFile section */

/* Begin PBXContainerItemProxy section */
		6344D9A7258375DA008E4541 /* PBXContainerItemProxy */ = {
			isa = PBXContainerItemProxy;
			containerPortal = 6344D988258375D9008E4541 /* Project object */;
			proxyType = 1;
			remoteGlobalIDString = 6344D98F258375D9008E4541;
			remoteInfo = PassDataWithSegue;
		};
		6344D9B2258375DA008E4541 /* PBXContainerItemProxy */ = {
			isa = PBXContainerItemProxy;
			containerPortal = 6344D988258375D9008E4541 /* Project object */;
			proxyType = 1;
			remoteGlobalIDString = 6344D98F258375D9008E4541;
			remoteInfo = PassDataWithSegue;
		};
/* End PBXContainerItemProxy section */

/* Begin PBXFileReference section */
		6344D990258375D9008E4541 /* PassDataWithSegue.app */ = {isa = PBXFileReference; explicitFileType = wrapper.application; includeInIndex = 0; path = PassDataWithSegue.app; sourceTree = BUILT_PRODUCTS_DIR; };
		6344D993258375D9008E4541 /* AppDelegate.swift */ = {isa = PBXFileReference; lastKnownFileType = sourcecode.swift; path = AppDelegate.swift; sourceTree = "<group>"; };
		6344D995258375D9008E4541 /* SceneDelegate.swift */ = {isa = PBXFileReference; lastKnownFileType = sourcecode.swift; path = SceneDelegate.swift; sourceTree = "<group>"; };
		6344D997258375D9008E4541 /* ViewController.swift */ = {isa = PBXFileReference; lastKnownFileType = sourcecode.swift; path = ViewController.swift; sourceTree = "<group>"; };
		6344D99A258375D9008E4541 /* Base */ = {isa = PBXFileReference; lastKnownFileType = file.storyboard; name = Base; path = Base.lproj/Main.storyboard; sourceTree = "<group>"; };
		6344D99C258375DA008E4541 /* Assets.xcassets */ = {isa = PBXFileReference; lastKnownFileType = folder.assetcatalog; path = Assets.xcassets; sourceTree = "<group>"; };
		6344D99F258375DA008E4541 /* Base */ = {isa = PBXFileReference; lastKnownFileType = file.storyboard; name = Base; path = Base.lproj/LaunchScreen.storyboard; sourceTree = "<group>"; };
		6344D9A1258375DA008E4541 /* Info.plist */ = {isa = PBXFileReference; lastKnownFileType = text.plist.xml; path = Info.plist; sourceTree = "<group>"; };
		6344D9A6258375DA008E4541 /* PassDataWithSegueTests.xctest */ = {isa = PBXFileReference; explicitFileType = wrapper.cfbundle; includeInIndex = 0; path = PassDataWithSegueTests.xctest; sourceTree = BUILT_PRODUCTS_DIR; };
		6344D9AA258375DA008E4541 /* PassDataWithSegueTests.swift */ = {isa = PBXFileReference; lastKnownFileType = sourcecode.swift; path = PassDataWithSegueTests.swift; sourceTree = "<group>"; };
		6344D9AC258375DA008E4541 /* Info.plist */ = {isa = PBXFileReference; lastKnownFileType = text.plist.xml; path = Info.plist; sourceTree = "<group>"; };
		6344D9B1258375DA008E4541 /* PassDataWithSegueUITests.xctest */ = {isa = PBXFileReference; explicitFileType = wrapper.cfbundle; includeInIndex = 0; path = PassDataWithSegueUITests.xctest; sourceTree = BUILT_PRODUCTS_DIR; };
		6344D9B5258375DA008E4541 /* PassDataWithSegueUITests.swift */ = {isa = PBXFileReference; lastKnownFileType = sourcecode.swift; path = PassDataWithSegueUITests.swift; sourceTree = "<group>"; };
		6344D9B7258375DA008E4541 /* Info.plist */ = {isa = PBXFileReference; lastKnownFileType = text.plist.xml; path = Info.plist; sourceTree = "<group>"; };
/* End PBXFileReference section */

/* Begin PBXFrameworksBuildPhase section */
		6344D98D258375D9008E4541 /* Frameworks */ = {
			isa = PBXFrameworksBuildPhase;
			buildActionMask = 2147483647;
			files = (
			);
			runOnlyForDeploymentPostprocessing = 0;
		};
		6344D9A3258375DA008E4541 /* Frameworks */ = {
			isa = PBXFrameworksBuildPhase;
			buildActionMask = 2147483647;
			files = (
			);
			runOnlyForDeploymentPostprocessing = 0;
		};
		6344D9AE258375DA008E4541 /* Frameworks */ = {
			isa = PBXFrameworksBuildPhase;
			buildActionMask = 2147483647;
			files = (
			);
			runOnlyForDeploymentPostprocessing = 0;
		};
/* End PBXFrameworksBuildPhase section */

/* Begin PBXGroup section */
		6344D987258375D9008E4541 = {
			isa = PBXGroup;
			children = (
				6344D992258375D9008E4541 /* PassDataWithSegue */,
				6344D9A9258375DA008E4541 /* PassDataWithSegueTests */,
				6344D9B4258375DA008E4541 /* PassDataWithSegueUITests */,
				6344D991258375D9008E4541 /* Products */,
			);
			sourceTree = "<group>";
		};
		6344D991258375D9008E4541 /* Products */ = {
			isa = PBXGroup;
			children = (
				6344D990258375D9008E4541 /* PassDataWithSegue.app */,
				6344D9A6258375DA008E4541 /* PassDataWithSegueTests.xctest */,
				6344D9B1258375DA008E4541 /* PassDataWithSegueUITests.xctest */,
			);
			name = Products;
			sourceTree = "<group>";
		};
		6344D992258375D9008E4541 /* PassDataWithSegue */ = {
			isa = PBXGroup;
			children = (
				6344D993258375D9008E4541 /* AppDelegate.swift */,
				6344D995258375D9008E4541 /* SceneDelegate.swift */,
				6344D997258375D9008E4541 /* ViewController.swift */,
				6344D999258375D9008E4541 /* Main.storyboard */,
				6344D99C258375DA008E4541 /* Assets.xcassets */,
				6344D99E258375DA008E4541 /* LaunchScreen.storyboard */,
				6344D9A1258375DA008E4541 /* Info.plist */,
			);
			path = PassDataWithSegue;
			sourceTree = "<group>";
		};
		6344D9A9258375DA008E4541 /* PassDataWithSegueTests */ = {
			isa = PBXGroup;
			children = (
				6344D9AA258375DA008E4541 /* PassDataWithSegueTests.swift */,
				6344D9AC258375DA008E4541 /* Info.plist */,
			);
			path = PassDataWithSegueTests;
			sourceTree = "<group>";
		};
		6344D9B4258375DA008E4541 /* PassDataWithSegueUITests */ = {
			isa = PBXGroup;
			children = (
				6344D9B5258375DA008E4541 /* PassDataWithSegueUITests.swift */,
				6344D9B7258375DA008E4541 /* Info.plist */,
			);
			path = PassDataWithSegueUITests;
			sourceTree = "<group>";
		};
/* End PBXGroup section */

/* Begin PBXNativeTarget section */
		6344D98F258375D9008E4541 /* PassDataWithSegue */ = {
			isa = PBXNativeTarget;
			buildConfigurationList = 6344D9BA258375DA008E4541 /* Build configuration list for PBXNativeTarget "PassDataWithSegue" */;
			buildPhases = (
				6344D98C258375D9008E4541 /* Sources */,
				6344D98D258375D9008E4541 /* Frameworks */,
				6344D98E258375D9008E4541 /* Resources */,
			);
			buildRules = (
			);
			dependencies = (
			);
			name = PassDataWithSegue;
			productName = PassDataWithSegue;
			productReference = 6344D990258375D9008E4541 /* PassDataWithSegue.app */;
			productType = "com.apple.product-type.application";
		};
		6344D9A5258375DA008E4541 /* PassDataWithSegueTests */ = {
			isa = PBXNativeTarget;
			buildConfigurationList = 6344D9BD258375DA008E4541 /* Build configuration list for PBXNativeTarget "PassDataWithSegueTests" */;
			buildPhases = (
				6344D9A2258375DA008E4541 /* Sources */,
				6344D9A3258375DA008E4541 /* Frameworks */,
				6344D9A4258375DA008E4541 /* Resources */,
			);
			buildRules = (
			);
			dependencies = (
				6344D9A8258375DA008E4541 /* PBXTargetDependency */,
			);
			name = PassDataWithSegueTests;
			productName = PassDataWithSegueTests;
			productReference = 6344D9A6258375DA008E4541 /* PassDataWithSegueTests.xctest */;
			productType = "com.apple.product-type.bundle.unit-test";
		};
		6344D9B0258375DA008E4541 /* PassDataWithSegueUITests */ = {
			isa = PBXNativeTarget;
			buildConfigurationList = 6344D9C0258375DA008E4541 /* Build configuration list for PBXNativeTarget "PassDataWithSegueUITests" */;
			buildPhases = (
				6344D9AD258375DA008E4541 /* Sources */,
				6344D9AE258375DA008E4541 /* Frameworks */,
				6344D9AF258375DA008E4541 /* Resources */,
			);
			buildRules = (
			);
			dependencies = (
				6344D9B3258375DA008E4541 /* PBXTargetDependency */,
			);
			name = PassDataWithSegueUITests;
			productName = PassDataWithSegueUITests;
			productReference = 6344D9B1258375DA008E4541 /* PassDataWithSegueUITests.xctest */;
			productType = "com.apple.product-type.bundle.ui-testing";
		};
/* End PBXNativeTarget section */

/* Begin PBXProject section */
		6344D988258375D9008E4541 /* Project object */ = {
			isa = PBXProject;
			attributes = {
				LastSwiftUpdateCheck = 1220;
				LastUpgradeCheck = 1220;
				TargetAttributes = {
					6344D98F258375D9008E4541 = {
						CreatedOnToolsVersion = 12.2;
					};
					6344D9A5258375DA008E4541 = {
						CreatedOnToolsVersion = 12.2;
						TestTargetID = 6344D98F258375D9008E4541;
					};
					6344D9B0258375DA008E4541 = {
						CreatedOnToolsVersion = 12.2;
						TestTargetID = 6344D98F258375D9008E4541;
					};
				};
			};
			buildConfigurationList = 6344D98B258375D9008E4541 /* Build configuration list for PBXProject "PassDataWithSegue" */;
			compatibilityVersion = "Xcode 9.3";
			developmentRegion = en;
			hasScannedForEncodings = 0;
			knownRegions = (
				en,
				Base,
			);
			mainGroup = 6344D987258375D9008E4541;
			productRefGroup = 6344D991258375D9008E4541 /* Products */;
			projectDirPath = "";
			projectRoot = "";
			targets = (
				6344D98F258375D9008E4541 /* PassDataWithSegue */,
				6344D9A5258375DA008E4541 /* PassDataWithSegueTests */,
				6344D9B0258375DA008E4541 /* PassDataWithSegueUITests */,
			);
		};
/* End PBXProject section */

/* Begin PBXResourcesBuildPhase section */
		6344D98E258375D9008E4541 /* Resources */ = {
			isa = PBXResourcesBuildPhase;
			buildActionMask = 2147483647;
			files = (
				6344D9A0258375DA008E4541 /* LaunchScreen.storyboard in Resources */,
				6344D99D258375DA008E4541 /* Assets.xcassets in Resources */,
				6344D99B258375D9008E4541 /* Main.storyboard in Resources */,
			);
			runOnlyForDeploymentPostprocessing = 0;
		};
		6344D9A4258375DA008E4541 /* Resources */ = {
			isa = PBXResourcesBuildPhase;
			buildActionMask = 2147483647;
			files = (
			);
			runOnlyForDeploymentPostprocessing = 0;
		};
		6344D9AF258375DA008E4541 /* Resources */ = {
			isa = PBXResourcesBuildPhase;
			buildActionMask = 2147483647;
			files = (
			);
			runOnlyForDeploymentPostprocessing = 0;
		};
/* End PBXResourcesBuildPhase section */

/* Begin PBXSourcesBuildPhase section */
		6344D98C258375D9008E4541 /* Sources */ = {
			isa = PBXSourcesBuildPhase;
			buildActionMask = 2147483647;
			files = (
				6344D998258375D9008E4541 /* ViewController.swift in Sources */,
				6344D994258375D9008E4541 /* AppDelegate.swift in Sources */,
				6344D996258375D9008E4541 /* SceneDelegate.swift in Sources */,
			);
			runOnlyForDeploymentPostprocessing = 0;
		};
		6344D9A2258375DA008E4541 /* Sources */ = {
			isa = PBXSourcesBuildPhase;
			buildActionMask = 2147483647;
			files = (
				6344D9AB258375DA008E4541 /* PassDataWithSegueTests.swift in Sources */,
			);
			runOnlyForDeploymentPostprocessing = 0;
		};
		6344D9AD258375DA008E4541 /* Sources */ = {
			isa = PBXSourcesBuildPhase;
			buildActionMask = 2147483647;
			files = (
				6344D9B6258375DA008E4541 /* PassDataWithSegueUITests.swift in Sources */,
			);
			runOnlyForDeploymentPostprocessing = 0;
		};
/* End PBXSourcesBuildPhase section */

/* Begin PBXTargetDependency section */
		6344D9A8258375DA008E4541 /* PBXTargetDependency */ = {
			isa = PBXTargetDependency;
			target = 6344D98F258375D9008E4541 /* PassDataWithSegue */;
			targetProxy = 6344D9A7258375DA008E4541 /* PBXContainerItemProxy */;
		};
		6344D9B3258375DA008E4541 /* PBXTargetDependency */ = {
			isa = PBXTargetDependency;
			target = 6344D98F258375D9008E4541 /* PassDataWithSegue */;
			targetProxy = 6344D9B2258375DA008E4541 /* PBXContainerItemProxy */;
		};
/* End PBXTargetDependency section */

/* Begin PBXVariantGroup section */
		6344D999258375D9008E4541 /* Main.storyboard */ = {
			isa = PBXVariantGroup;
			children = (
				6344D99A258375D9008E4541 /* Base */,
			);
			name = Main.storyboard;
			sourceTree = "<group>";
		};
		6344D99E258375DA008E4541 /* LaunchScreen.storyboard */ = {
			isa = PBXVariantGroup;
			children = (
				6344D99F258375DA008E4541 /* Base */,
			);
			name = LaunchScreen.storyboard;
			sourceTree = "<group>";
		};
/* End PBXVariantGroup section */

/* Begin XCBuildConfiguration section */
		6344D9B8258375DA008E4541 /* Debug */ = {
			isa = XCBuildConfiguration;
			buildSettings = {
				ALWAYS_SEARCH_USER_PATHS = NO;
				CLANG_ANALYZER_NONNULL = YES;
				CLANG_ANALYZER_NUMBER_OBJECT_CONVERSION = YES_AGGRESSIVE;
				CLANG_CXX_LANGUAGE_STANDARD = "gnu++14";
				CLANG_CXX_LIBRARY = "libc++";
				CLANG_ENABLE_MODULES = YES;
				CLANG_ENABLE_OBJC_ARC = YES;
				CLANG_ENABLE_OBJC_WEAK = YES;
				CLANG_WARN_BLOCK_CAPTURE_AUTORELEASING = YES;
				CLANG_WARN_BOOL_CONVERSION = YES;
				CLANG_WARN_COMMA = YES;
				CLANG_WARN_CONSTANT_CONVERSION = YES;
				CLANG_WARN_DEPRECATED_OBJC_IMPLEMENTATIONS = YES;
				CLANG_WARN_DIRECT_OBJC_ISA_USAGE = YES_ERROR;
				CLANG_WARN_DOCUMENTATION_COMMENTS = YES;
				CLANG_WARN_EMPTY_BODY = YES;
				CLANG_WARN_ENUM_CONVERSION = YES;
				CLANG_WARN_INFINITE_RECURSION = YES;
				CLANG_WARN_INT_CONVERSION = YES;
				CLANG_WARN_NON_LITERAL_NULL_CONVERSION = YES;
				CLANG_WARN_OBJC_IMPLICIT_RETAIN_SELF = YES;
				CLANG_WARN_OBJC_LITERAL_CONVERSION = YES;
				CLANG_WARN_OBJC_ROOT_CLASS = YES_ERROR;
				CLANG_WARN_QUOTED_INCLUDE_IN_FRAMEWORK_HEADER = YES;
				CLANG_WARN_RANGE_LOOP_ANALYSIS = YES;
				CLANG_WARN_STRICT_PROTOTYPES = YES;
				CLANG_WARN_SUSPICIOUS_MOVE = YES;
				CLANG_WARN_UNGUARDED_AVAILABILITY = YES_AGGRESSIVE;
				CLANG_WARN_UNREACHABLE_CODE = YES;
				CLANG_WARN__DUPLICATE_METHOD_MATCH = YES;
				COPY_PHASE_STRIP = NO;
				DEBUG_INFORMATION_FORMAT = dwarf;
				ENABLE_STRICT_OBJC_MSGSEND = YES;
				ENABLE_TESTABILITY = YES;
				GCC_C_LANGUAGE_STANDARD = gnu11;
				GCC_DYNAMIC_NO_PIC = NO;
				GCC_NO_COMMON_BLOCKS = YES;
				GCC_OPTIMIZATION_LEVEL = 0;
				GCC_PREPROCESSOR_DEFINITIONS = (
					"DEBUG=1",
					"$(inherited)",
				);
				GCC_WARN_64_TO_32_BIT_CONVERSION = YES;
				GCC_WARN_ABOUT_RETURN_TYPE = YES_ERROR;
				GCC_WARN_UNDECLARED_SELECTOR = YES;
				GCC_WARN_UNINITIALIZED_AUTOS = YES_AGGRESSIVE;
				GCC_WARN_UNUSED_FUNCTION = YES;
				GCC_WARN_UNUSED_VARIABLE = YES;
				IPHONEOS_DEPLOYMENT_TARGET = 14.2;
				MTL_ENABLE_DEBUG_INFO = INCLUDE_SOURCE;
				MTL_FAST_MATH = YES;
				ONLY_ACTIVE_ARCH = YES;
				SDKROOT = iphoneos;
				SWIFT_ACTIVE_COMPILATION_CONDITIONS = DEBUG;
				SWIFT_OPTIMIZATION_LEVEL = "-Onone";
			};
			name = Debug;
		};
		6344D9B9258375DA008E4541 /* Release */ = {
			isa = XCBuildConfiguration;
			buildSettings = {
				ALWAYS_SEARCH_USER_PATHS = NO;
				CLANG_ANALYZER_NONNULL = YES;
				CLANG_ANALYZER_NUMBER_OBJECT_CONVERSION = YES_AGGRESSIVE;
				CLANG_CXX_LANGUAGE_STANDARD = "gnu++14";
				CLANG_CXX_LIBRARY = "libc++";
				CLANG_ENABLE_MODULES = YES;
				CLANG_ENABLE_OBJC_ARC = YES;
				CLANG_ENABLE_OBJC_WEAK = YES;
				CLANG_WARN_BLOCK_CAPTURE_AUTORELEASING = YES;
				CLANG_WARN_BOOL_CONVERSION = YES;
				CLANG_WARN_COMMA = YES;
				CLANG_WARN_CONSTANT_CONVERSION = YES;
				CLANG_WARN_DEPRECATED_OBJC_IMPLEMENTATIONS = YES;
				CLANG_WARN_DIRECT_OBJC_ISA_USAGE = YES_ERROR;
				CLANG_WARN_DOCUMENTATION_COMMENTS = YES;
				CLANG_WARN_EMPTY_BODY = YES;
				CLANG_WARN_ENUM_CONVERSION = YES;
				CLANG_WARN_INFINITE_RECURSION = YES;
				CLANG_WARN_INT_CONVERSION = YES;
				CLANG_WARN_NON_LITERAL_NULL_CONVERSION = YES;
				CLANG_WARN_OBJC_IMPLICIT_RETAIN_SELF = YES;
				CLANG_WARN_OBJC_LITERAL_CONVERSION = YES;
				CLANG_WARN_OBJC_ROOT_CLASS = YES_ERROR;
				CLANG_WARN_QUOTED_INCLUDE_IN_FRAMEWORK_HEADER = YES;
				CLANG_WARN_RANGE_LOOP_ANALYSIS = YES;
				CLANG_WARN_STRICT_PROTOTYPES = YES;
				CLANG_WARN_SUSPICIOUS_MOVE = YES;
				CLANG_WARN_UNGUARDED_AVAILABILITY = YES_AGGRESSIVE;
				CLANG_WARN_UNREACHABLE_CODE = YES;
				CLANG_WARN__DUPLICATE_METHOD_MATCH = YES;
				COPY_PHASE_STRIP = NO;
				DEBUG_INFORMATION_FORMAT = "dwarf-with-dsym";
				ENABLE_NS_ASSERTIONS = NO;
				ENABLE_STRICT_OBJC_MSGSEND = YES;
				GCC_C_LANGUAGE_STANDARD = gnu11;
				GCC_NO_COMMON_BLOCKS = YES;
				GCC_WARN_64_TO_32_BIT_CONVERSION = YES;
				GCC_WARN_ABOUT_RETURN_TYPE = YES_ERROR;
				GCC_WARN_UNDECLARED_SELECTOR = YES;
				GCC_WARN_UNINITIALIZED_AUTOS = YES_AGGRESSIVE;
				GCC_WARN_UNUSED_FUNCTION = YES;
				GCC_WARN_UNUSED_VARIABLE = YES;
				IPHONEOS_DEPLOYMENT_TARGET = 14.2;
				MTL_ENABLE_DEBUG_INFO = NO;
				MTL_FAST_MATH = YES;
				SDKROOT = iphoneos;
				SWIFT_COMPILATION_MODE = wholemodule;
				SWIFT_OPTIMIZATION_LEVEL = "-O";
				VALIDATE_PRODUCT = YES;
			};
			name = Release;
		};
		6344D9BB258375DA008E4541 /* Debug */ = {
			isa = XCBuildConfiguration;
			buildSettings = {
				ASSETCATALOG_COMPILER_APPICON_NAME = AppIcon;
				ASSETCATALOG_COMPILER_GLOBAL_ACCENT_COLOR_NAME = AccentColor;
				CODE_SIGN_STYLE = Automatic;
				INFOPLIST_FILE = PassDataWithSegue/Info.plist;
				LD_RUNPATH_SEARCH_PATHS = (
					"$(inherited)",
					"@executable_path/Frameworks",
				);
				PRODUCT_BUNDLE_IDENTIFIER = com.example.PassDataWithSegue;
				PRODUCT_NAME = "$(TARGET_NAME)";
				SWIFT_VERSION = 5.0;
				TARGETED_DEVICE_FAMILY = "1,2";
			};
			name = Debug;
		};
		6344D9BC258375DA008E4541 /* Release */ = {
			isa = XCBuildConfiguration;
			buildSettings = {
				ASSETCATALOG_COMPILER_APPICON_NAME = AppIcon;
				ASSETCATALOG_COMPILER_GLOBAL_ACCENT_COLOR_NAME = AccentColor;
				CODE_SIGN_STYLE = Automatic;
				INFOPLIST_FILE = PassDataWithSegue/Info.plist;
				LD_RUNPATH_SEARCH_PATHS = (
					"$(inherited)",
					"@executable_path/Frameworks",
				);
				PRODUCT_BUNDLE_IDENTIFIER = com.example.PassDataWithSegue;
				PRODUCT_NAME = "$(TARGET_NAME)";
				SWIFT_VERSION = 5.0;
				TARGETED_DEVICE_FAMILY = "1,2";
			};
			name = Release;
		};
		6344D9BE258375DA008E4541 /* Debug */ = {
			isa = XCBuildConfiguration;
			buildSettings = {
				ALWAYS_EMBED_SWIFT_STANDARD_LIBRARIES = YES;
				BUNDLE_LOADER = "$(TEST_HOST)";
				CODE_SIGN_STYLE = Automatic;
				INFOPLIST_FILE = PassDataWithSegueTests/Info.plist;
				IPHONEOS_DEPLOYMENT_TARGET = 14.2;
				LD_RUNPATH_SEARCH_PATHS = (
					"$(inherited)",
					"@executable_path/Frameworks",
					"@loader_path/Frameworks",
				);
				PRODUCT_BUNDLE_IDENTIFIER = com.example.PassDataWithSegueTests;
				PRODUCT_NAME = "$(TARGET_NAME)";
				SWIFT_VERSION = 5.0;
				TARGETED_DEVICE_FAMILY = "1,2";
				TEST_HOST = "$(BUILT_PRODUCTS_DIR)/PassDataWithSegue.app/PassDataWithSegue";
			};
			name = Debug;
		};
		6344D9BF258375DA008E4541 /* Release */ = {
			isa = XCBuildConfiguration;
			buildSettings = {
				ALWAYS_EMBED_SWIFT_STANDARD_LIBRARIES = YES;
				BUNDLE_LOADER = "$(TEST_HOST)";
				CODE_SIGN_STYLE = Automatic;
				INFOPLIST_FILE = PassDataWithSegueTests/Info.plist;
				IPHONEOS_DEPLOYMENT_TARGET = 14.2;
				LD_RUNPATH_SEARCH_PATHS = (
					"$(inherited)",
					"@executable_path/Frameworks",
					"@loader_path/Frameworks",
				);
				PRODUCT_BUNDLE_IDENTIFIER = com.example.PassDataWithSegueTests;
				PRODUCT_NAME = "$(TARGET_NAME)";
				SWIFT_VERSION = 5.0;
				TARGETED_DEVICE_FAMILY = "1,2";
				TEST_HOST = "$(BUILT_PRODUCTS_DIR)/PassDataWithSegue.app/PassDataWithSegue";
			};
			name = Release;
		};
		6344D9C1258375DA008E4541 /* Debug */ = {
			isa = XCBuildConfiguration;
			buildSettings = {
				ALWAYS_EMBED_SWIFT_STANDARD_LIBRARIES = YES;
				CODE_SIGN_STYLE = Automatic;
				INFOPLIST_FILE = PassDataWithSegueUITests/Info.plist;
				LD_RUNPATH_SEARCH_PATHS = (
					"$(inherited)",
					"@executable_path/Frameworks",
					"@loader_path/Frameworks",
				);
				PRODUCT_BUNDLE_IDENTIFIER = com.example.PassDataWithSegueUITests;
				PRODUCT_NAME = "$(TARGET_NAME)";
				SWIFT_VERSION = 5.0;
				TARGETED_DEVICE_FAMILY = "1,2";
				TEST_TARGET_NAME = PassDataWithSegue;
			};
			name = Debug;
		};
		6344D9C2258375DA008E4541 /* Release */ = {
			isa = XCBuildConfiguration;
			buildSettings = {
				ALWAYS_EMBED_SWIFT_STANDARD_LIBRARIES = YES;
				CODE_SIGN_STYLE = Automatic;
				INFOPLIST_FILE = PassDataWithSegueUITests/Info.plist;
				LD_RUNPATH_SEARCH_PATHS = (
					"$(inherited)",
					"@executable_path/Frameworks",
					"@loader_path/Frameworks",
				);
				PRODUCT_BUNDLE_IDENTIFIER = com.example.PassDataWithSegueUITests;
				PRODUCT_NAME = "$(TARGET_NAME)";
				SWIFT_VERSION = 5.0;
				TARGETED_DEVICE_FAMILY = "1,2";
				TEST_TARGET_NAME = PassDataWithSegue;
			};
			name = Release;
		};
/* End XCBuildConfiguration section */

/* Begin XCConfigurationList section */
		6344D98B258375D9008E4541 /* Build configuration list for PBXProject "PassDataWithSegue" */ = {
			isa = XCConfigurationList;
			buildConfigurations = (
				6344D9B8258375DA008E4541 /* Debug */,
				6344D9B9258375DA008E4541 /* Release */,
			);
			defaultConfigurationIsVisible = 0;
			defaultConfigurationName = Release;
		};
		6344D9BA258375DA008E4541 /* Build configuration list for PBXNativeTarget "PassDataWithSegue" */ = {
			isa = XCConfigurationList;
			buildConfigurations = (
				6344D9BB258375DA008E4541 /* Debug */,
				6344D9BC258375DA008E4541 /* Release */,
			);
			defaultConfigurationIsVisible = 0;
			defaultConfigurationName = Release;
		};
		6344D9BD258375DA008E4541 /* Build configuration list for PBXNativeTarget "PassDataWithSegueTests" */ = {
			isa = XCConfigurationList;
			buildConfigurations = (
				6344D9BE258375DA008E4541 /* Debug */,
				6344D9BF258375DA008E4541 /* Release */,
			);
			defaultConfigurationIsVisible = 0;
			defaultConfigurationName = Release;
		};
		6344D9C0258375DA008E4541 /* Build configuration list for PBXNativeTarget "PassDataWithSegueUITests" */ = {
			isa = XCConfigurationList;
			buildConfigurations = (
				6344D9C1258375DA008E4541 /* Debug */,
				6344D9C2258375DA008E4541 /* Release */,
			);
			defaultConfigurationIsVisible = 0;
			defaultConfigurationName = Release;
		};
/* End XCConfigurationList section */
	};
	rootObject = 6344D988258375D9008E4541 /* Project object */;
}
